// !$*UTF8*$!
{
	archiveVersion = 1;
	classes = {
	};
	objectVersion = 48;
	objects = {

/* Begin PBXBuildFile section */
		8147E35021E5332A00A7FF82 /* AppDelegate.m in Sources */ = {isa = PBXBuildFile; fileRef = 8147E34F21E5332A00A7FF82 /* AppDelegate.m */; };
		8147E35321E5332A00A7FF82 /* ViewController.m in Sources */ = {isa = PBXBuildFile; fileRef = 8147E35221E5332A00A7FF82 /* ViewController.m */; };
		8147E35621E5332A00A7FF82 /* Main.storyboard in Resources */ = {isa = PBXBuildFile; fileRef = 8147E35421E5332A00A7FF82 /* Main.storyboard */; };
		8147E35821E5332A00A7FF82 /* Assets.xcassets in Resources */ = {isa = PBXBuildFile; fileRef = 8147E35721E5332A00A7FF82 /* Assets.xcassets */; };
		8147E35B21E5332A00A7FF82 /* LaunchScreen.storyboard in Resources */ = {isa = PBXBuildFile; fileRef = 8147E35921E5332A00A7FF82 /* LaunchScreen.storyboard */; };
		8147E35E21E5332A00A7FF82 /* main.m in Sources */ = {isa = PBXBuildFile; fileRef = 8147E35D21E5332A00A7FF82 /* main.m */; };
		8147E36821E5332A00A7FF82 /* PrecticeVCPassValueTests.m in Sources */ = {isa = PBXBuildFile; fileRef = 8147E36721E5332A00A7FF82 /* PrecticeVCPassValueTests.m */; };
		8147E37321E5332A00A7FF82 /* PrecticeVCPassValueUITests.m in Sources */ = {isa = PBXBuildFile; fileRef = 8147E37221E5332A00A7FF82 /* PrecticeVCPassValueUITests.m */; };
		8147E38221E533C100A7FF82 /* SecondViewController.m in Sources */ = {isa = PBXBuildFile; fileRef = 8147E38121E533C100A7FF82 /* SecondViewController.m */; };
		8147E38821E5430A00A7FF82 /* People.m in Sources */ = {isa = PBXBuildFile; fileRef = 8147E38721E5430A00A7FF82 /* People.m */; };
/* End PBXBuildFile section */

/* Begin PBXContainerItemProxy section */
		8147E36421E5332A00A7FF82 /* PBXContainerItemProxy */ = {
			isa = PBXContainerItemProxy;
			containerPortal = 8147E34321E5332A00A7FF82 /* Project object */;
			proxyType = 1;
			remoteGlobalIDString = 8147E34A21E5332A00A7FF82;
			remoteInfo = PrecticeVCPassValue;
		};
		8147E36F21E5332A00A7FF82 /* PBXContainerItemProxy */ = {
			isa = PBXContainerItemProxy;
			containerPortal = 8147E34321E5332A00A7FF82 /* Project object */;
			proxyType = 1;
			remoteGlobalIDString = 8147E34A21E5332A00A7FF82;
			remoteInfo = PrecticeVCPassValue;
		};
/* End PBXContainerItemProxy section */

/* Begin PBXFileReference section */
		8147E34B21E5332A00A7FF82 /* PrecticeVCPassValue.app */ = {isa = PBXFileReference; explicitFileType = wrapper.application; includeInIndex = 0; path = PrecticeVCPassValue.app; sourceTree = BUILT_PRODUCTS_DIR; };
		8147E34E21E5332A00A7FF82 /* AppDelegate.h */ = {isa = PBXFileReference; lastKnownFileType = sourcecode.c.h; path = AppDelegate.h; sourceTree = "<group>"; };
		8147E34F21E5332A00A7FF82 /* AppDelegate.m */ = {isa = PBXFileReference; lastKnownFileType = sourcecode.c.objc; path = AppDelegate.m; sourceTree = "<group>"; };
		8147E35121E5332A00A7FF82 /* ViewController.h */ = {isa = PBXFileReference; lastKnownFileType = sourcecode.c.h; path = ViewController.h; sourceTree = "<group>"; };
		8147E35221E5332A00A7FF82 /* ViewController.m */ = {isa = PBXFileReference; lastKnownFileType = sourcecode.c.objc; path = ViewController.m; sourceTree = "<group>"; };
		8147E35521E5332A00A7FF82 /* Base */ = {isa = PBXFileReference; lastKnownFileType = file.storyboard; name = Base; path = Base.lproj/Main.storyboard; sourceTree = "<group>"; };
		8147E35721E5332A00A7FF82 /* Assets.xcassets */ = {isa = PBXFileReference; lastKnownFileType = folder.assetcatalog; path = Assets.xcassets; sourceTree = "<group>"; };
		8147E35A21E5332A00A7FF82 /* Base */ = {isa = PBXFileReference; lastKnownFileType = file.storyboard; name = Base; path = Base.lproj/LaunchScreen.storyboard; sourceTree = "<group>"; };
		8147E35C21E5332A00A7FF82 /* Info.plist */ = {isa = PBXFileReference; lastKnownFileType = text.plist.xml; path = Info.plist; sourceTree = "<group>"; };
		8147E35D21E5332A00A7FF82 /* main.m */ = {isa = PBXFileReference; lastKnownFileType = sourcecode.c.objc; path = main.m; sourceTree = "<group>"; };
		8147E36321E5332A00A7FF82 /* PrecticeVCPassValueTests.xctest */ = {isa = PBXFileReference; explicitFileType = wrapper.cfbundle; includeInIndex = 0; path = PrecticeVCPassValueTests.xctest; sourceTree = BUILT_PRODUCTS_DIR; };
		8147E36721E5332A00A7FF82 /* PrecticeVCPassValueTests.m */ = {isa = PBXFileReference; lastKnownFileType = sourcecode.c.objc; path = PrecticeVCPassValueTests.m; sourceTree = "<group>"; };
		8147E36921E5332A00A7FF82 /* Info.plist */ = {isa = PBXFileReference; lastKnownFileType = text.plist.xml; path = Info.plist; sourceTree = "<group>"; };
		8147E36E21E5332A00A7FF82 /* PrecticeVCPassValueUITests.xctest */ = {isa = PBXFileReference; explicitFileType = wrapper.cfbundle; includeInIndex = 0; path = PrecticeVCPassValueUITests.xctest; sourceTree = BUILT_PRODUCTS_DIR; };
		8147E37221E5332A00A7FF82 /* PrecticeVCPassValueUITests.m */ = {isa = PBXFileReference; lastKnownFileType = sourcecode.c.objc; path = PrecticeVCPassValueUITests.m; sourceTree = "<group>"; };
		8147E37421E5332A00A7FF82 /* Info.plist */ = {isa = PBXFileReference; lastKnownFileType = text.plist.xml; path = Info.plist; sourceTree = "<group>"; };
		8147E38021E533C100A7FF82 /* SecondViewController.h */ = {isa = PBXFileReference; lastKnownFileType = sourcecode.c.h; path = SecondViewController.h; sourceTree = "<group>"; };
		8147E38121E533C100A7FF82 /* SecondViewController.m */ = {isa = PBXFileReference; lastKnownFileType = sourcecode.c.objc; path = SecondViewController.m; sourceTree = "<group>"; };
		8147E38621E5430A00A7FF82 /* People.h */ = {isa = PBXFileReference; lastKnownFileType = sourcecode.c.h; path = People.h; sourceTree = "<group>"; };
		8147E38721E5430A00A7FF82 /* People.m */ = {isa = PBXFileReference; lastKnownFileType = sourcecode.c.objc; path = People.m; sourceTree = "<group>"; };
/* End PBXFileReference section */

/* Begin PBXFrameworksBuildPhase section */
		8147E34821E5332A00A7FF82 /* Frameworks */ = {
			isa = PBXFrameworksBuildPhase;
			buildActionMask = 2147483647;
			files = (
			);
			runOnlyForDeploymentPostprocessing = 0;
		};
		8147E36021E5332A00A7FF82 /* Frameworks */ = {
			isa = PBXFrameworksBuildPhase;
			buildActionMask = 2147483647;
			files = (
			);
			runOnlyForDeploymentPostprocessing = 0;
		};
		8147E36B21E5332A00A7FF82 /* Frameworks */ = {
			isa = PBXFrameworksBuildPhase;
			buildActionMask = 2147483647;
			files = (
			);
			runOnlyForDeploymentPostprocessing = 0;
		};
/* End PBXFrameworksBuildPhase section */

/* Begin PBXGroup section */
		8147E34221E5332A00A7FF82 = {
			isa = PBXGroup;
			children = (
				8147E34D21E5332A00A7FF82 /* PrecticeVCPassValue */,
				8147E36621E5332A00A7FF82 /* PrecticeVCPassValueTests */,
				8147E37121E5332A00A7FF82 /* PrecticeVCPassValueUITests */,
				8147E34C21E5332A00A7FF82 /* Products */,
			);
			sourceTree = "<group>";
		};
		8147E34C21E5332A00A7FF82 /* Products */ = {
			isa = PBXGroup;
			children = (
				8147E34B21E5332A00A7FF82 /* PrecticeVCPassValue.app */,
				8147E36321E5332A00A7FF82 /* PrecticeVCPassValueTests.xctest */,
				8147E36E21E5332A00A7FF82 /* PrecticeVCPassValueUITests.xctest */,
			);
			name = Products;
			sourceTree = "<group>";
		};
		8147E34D21E5332A00A7FF82 /* PrecticeVCPassValue */ = {
			isa = PBXGroup;
			children = (
				8147E38521E542E800A7FF82 /* model */,
				8147E34E21E5332A00A7FF82 /* AppDelegate.h */,
				8147E34F21E5332A00A7FF82 /* AppDelegate.m */,
				8147E35121E5332A00A7FF82 /* ViewController.h */,
				8147E35221E5332A00A7FF82 /* ViewController.m */,
				8147E35421E5332A00A7FF82 /* Main.storyboard */,
				8147E35721E5332A00A7FF82 /* Assets.xcassets */,
				8147E35921E5332A00A7FF82 /* LaunchScreen.storyboard */,
				8147E35C21E5332A00A7FF82 /* Info.plist */,
				8147E35D21E5332A00A7FF82 /* main.m */,
				8147E38021E533C100A7FF82 /* SecondViewController.h */,
				8147E38121E533C100A7FF82 /* SecondViewController.m */,
			);
			path = PrecticeVCPassValue;
			sourceTree = "<group>";
		};
		8147E36621E5332A00A7FF82 /* PrecticeVCPassValueTests */ = {
			isa = PBXGroup;
			children = (
				8147E36721E5332A00A7FF82 /* PrecticeVCPassValueTests.m */,
				8147E36921E5332A00A7FF82 /* Info.plist */,
			);
			path = PrecticeVCPassValueTests;
			sourceTree = "<group>";
		};
		8147E37121E5332A00A7FF82 /* PrecticeVCPassValueUITests */ = {
			isa = PBXGroup;
			children = (
				8147E37221E5332A00A7FF82 /* PrecticeVCPassValueUITests.m */,
				8147E37421E5332A00A7FF82 /* Info.plist */,
			);
			path = PrecticeVCPassValueUITests;
			sourceTree = "<group>";
		};
		8147E38521E542E800A7FF82 /* model */ = {
			isa = PBXGroup;
			children = (
				8147E38621E5430A00A7FF82 /* People.h */,
				8147E38721E5430A00A7FF82 /* People.m */,
			);
			path = model;
			sourceTree = "<group>";
		};
/* End PBXGroup section */

/* Begin PBXNativeTarget section */
		8147E34A21E5332A00A7FF82 /* PrecticeVCPassValue */ = {
			isa = PBXNativeTarget;
			buildConfigurationList = 8147E37721E5332A00A7FF82 /* Build configuration list for PBXNativeTarget "PrecticeVCPassValue" */;
			buildPhases = (
				8147E34721E5332A00A7FF82 /* Sources */,
				8147E34821E5332A00A7FF82 /* Frameworks */,
				8147E34921E5332A00A7FF82 /* Resources */,
			);
			buildRules = (
			);
			dependencies = (
			);
			name = PrecticeVCPassValue;
			productName = PrecticeVCPassValue;
			productReference = 8147E34B21E5332A00A7FF82 /* PrecticeVCPassValue.app */;
			productType = "com.apple.product-type.application";
		};
		8147E36221E5332A00A7FF82 /* PrecticeVCPassValueTests */ = {
			isa = PBXNativeTarget;
			buildConfigurationList = 8147E37A21E5332A00A7FF82 /* Build configuration list for PBXNativeTarget "PrecticeVCPassValueTests" */;
			buildPhases = (
				8147E35F21E5332A00A7FF82 /* Sources */,
				8147E36021E5332A00A7FF82 /* Frameworks */,
				8147E36121E5332A00A7FF82 /* Resources */,
			);
			buildRules = (
			);
			dependencies = (
				8147E36521E5332A00A7FF82 /* PBXTargetDependency */,
			);
			name = PrecticeVCPassValueTests;
			productName = PrecticeVCPassValueTests;
			productReference = 8147E36321E5332A00A7FF82 /* PrecticeVCPassValueTests.xctest */;
			productType = "com.apple.product-type.bundle.unit-test";
		};
		8147E36D21E5332A00A7FF82 /* PrecticeVCPassValueUITests */ = {
			isa = PBXNativeTarget;
			buildConfigurationList = 8147E37D21E5332A00A7FF82 /* Build configuration list for PBXNativeTarget "PrecticeVCPassValueUITests" */;
			buildPhases = (
				8147E36A21E5332A00A7FF82 /* Sources */,
				8147E36B21E5332A00A7FF82 /* Frameworks */,
				8147E36C21E5332A00A7FF82 /* Resources */,
			);
			buildRules = (
			);
			dependencies = (
				8147E37021E5332A00A7FF82 /* PBXTargetDependency */,
			);
			name = PrecticeVCPassValueUITests;
			productName = PrecticeVCPassValueUITests;
			productReference = 8147E36E21E5332A00A7FF82 /* PrecticeVCPassValueUITests.xctest */;
			productType = "com.apple.product-type.bundle.ui-testing";
		};
/* End PBXNativeTarget section */

/* Begin PBXProject section */
		8147E34321E5332A00A7FF82 /* Project object */ = {
			isa = PBXProject;
			attributes = {
				LastUpgradeCheck = 0920;
				ORGANIZATIONNAME = KN;
				TargetAttributes = {
					8147E34A21E5332A00A7FF82 = {
						CreatedOnToolsVersion = 9.2;
						ProvisioningStyle = Automatic;
					};
					8147E36221E5332A00A7FF82 = {
						CreatedOnToolsVersion = 9.2;
						ProvisioningStyle = Automatic;
						TestTargetID = 8147E34A21E5332A00A7FF82;
					};
					8147E36D21E5332A00A7FF82 = {
						CreatedOnToolsVersion = 9.2;
						ProvisioningStyle = Automatic;
						TestTargetID = 8147E34A21E5332A00A7FF82;
					};
				};
			};
			buildConfigurationList = 8147E34621E5332A00A7FF82 /* Build configuration list for PBXProject "PrecticeVCPassValue" */;
			compatibilityVersion = "Xcode 8.0";
			developmentRegion = en;
			hasScannedForEncodings = 0;
			knownRegions = (
				en,
				Base,
			);
			mainGroup = 8147E34221E5332A00A7FF82;
			productRefGroup = 8147E34C21E5332A00A7FF82 /* Products */;
			projectDirPath = "";
			projectRoot = "";
			targets = (
				8147E34A21E5332A00A7FF82 /* PrecticeVCPassValue */,
				8147E36221E5332A00A7FF82 /* PrecticeVCPassValueTests */,
				8147E36D21E5332A00A7FF82 /* PrecticeVCPassValueUITests */,
			);
		};
/* End PBXProject section */

/* Begin PBXResourcesBuildPhase section */
		8147E34921E5332A00A7FF82 /* Resources */ = {
			isa = PBXResourcesBuildPhase;
			buildActionMask = 2147483647;
			files = (
				8147E35B21E5332A00A7FF82 /* LaunchScreen.storyboard in Resources */,
				8147E35821E5332A00A7FF82 /* Assets.xcassets in Resources */,
				8147E35621E5332A00A7FF82 /* Main.storyboard in Resources */,
			);
			runOnlyForDeploymentPostprocessing = 0;
		};
		8147E36121E5332A00A7FF82 /* Resources */ = {
			isa = PBXResourcesBuildPhase;
			buildActionMask = 2147483647;
			files = (
			);
			runOnlyForDeploymentPostprocessing = 0;
		};
		8147E36C21E5332A00A7FF82 /* Resources */ = {
			isa = PBXResourcesBuildPhase;
			buildActionMask = 2147483647;
			files = (
			);
			runOnlyForDeploymentPostprocessing = 0;
		};
/* End PBXResourcesBuildPhase section */

/* Begin PBXSourcesBuildPhase section */
		8147E34721E5332A00A7FF82 /* Sources */ = {
			isa = PBXSourcesBuildPhase;
			buildActionMask = 2147483647;
			files = (
				8147E38221E533C100A7FF82 /* SecondViewController.m in Sources */,
				8147E35321E5332A00A7FF82 /* ViewController.m in Sources */,
				8147E38821E5430A00A7FF82 /* People.m in Sources */,
				8147E35E21E5332A00A7FF82 /* main.m in Sources */,
				8147E35021E5332A00A7FF82 /* AppDelegate.m in Sources */,
			);
			runOnlyForDeploymentPostprocessing = 0;
		};
		8147E35F21E5332A00A7FF82 /* Sources */ = {
			isa = PBXSourcesBuildPhase;
			buildActionMask = 2147483647;
			files = (
				8147E36821E5332A00A7FF82 /* PrecticeVCPassValueTests.m in Sources */,
			);
			runOnlyForDeploymentPostprocessing = 0;
		};
		8147E36A21E5332A00A7FF82 /* Sources */ = {
			isa = PBXSourcesBuildPhase;
			buildActionMask = 2147483647;
			files = (
				8147E37321E5332A00A7FF82 /* PrecticeVCPassValueUITests.m in Sources */,
			);
			runOnlyForDeploymentPostprocessing = 0;
		};
/* End PBXSourcesBuildPhase section */

/* Begin PBXTargetDependency section */
		8147E36521E5332A00A7FF82 /* PBXTargetDependency */ = {
			isa = PBXTargetDependency;
			target = 8147E34A21E5332A00A7FF82 /* PrecticeVCPassValue */;
			targetProxy = 8147E36421E5332A00A7FF82 /* PBXContainerItemProxy */;
		};
		8147E37021E5332A00A7FF82 /* PBXTargetDependency */ = {
			isa = PBXTargetDependency;
			target = 8147E34A21E5332A00A7FF82 /* PrecticeVCPassValue */;
			targetProxy = 8147E36F21E5332A00A7FF82 /* PBXContainerItemProxy */;
		};
/* End PBXTargetDependency section */

/* Begin PBXVariantGroup section */
		8147E35421E5332A00A7FF82 /* Main.storyboard */ = {
			isa = PBXVariantGroup;
			children = (
				8147E35521E5332A00A7FF82 /* Base */,
			);
			name = Main.storyboard;
			sourceTree = "<group>";
		};
		8147E35921E5332A00A7FF82 /* LaunchScreen.storyboard */ = {
			isa = PBXVariantGroup;
			children = (
				8147E35A21E5332A00A7FF82 /* Base */,
			);
			name = LaunchScreen.storyboard;
			sourceTree = "<group>";
		};
/* End PBXVariantGroup section */

/* Begin XCBuildConfiguration section */
		8147E37521E5332A00A7FF82 /* Debug */ = {
			isa = XCBuildConfiguration;
			buildSettings = {
				ALWAYS_SEARCH_USER_PATHS = NO;
				CLANG_ANALYZER_NONNULL = YES;
				CLANG_ANALYZER_NUMBER_OBJECT_CONVERSION = YES_AGGRESSIVE;
				CLANG_CXX_LANGUAGE_STANDARD = "gnu++14";
				CLANG_CXX_LIBRARY = "libc++";
				CLANG_ENABLE_MODULES = YES;
				CLANG_ENABLE_OBJC_ARC = YES;
				CLANG_WARN_BLOCK_CAPTURE_AUTORELEASING = YES;
				CLANG_WARN_BOOL_CONVERSION = YES;
				CLANG_WARN_COMMA = YES;
				CLANG_WARN_CONSTANT_CONVERSION = YES;
				CLANG_WARN_DIRECT_OBJC_ISA_USAGE = YES_ERROR;
				CLANG_WARN_DOCUMENTATION_COMMENTS = YES;
				CLANG_WARN_EMPTY_BODY = YES;
				CLANG_WARN_ENUM_CONVERSION = YES;
				CLANG_WARN_INFINITE_RECURSION = YES;
				CLANG_WARN_INT_CONVERSION = YES;
				CLANG_WARN_NON_LITERAL_NULL_CONVERSION = YES;
				CLANG_WARN_OBJC_LITERAL_CONVERSION = YES;
				CLANG_WARN_OBJC_ROOT_CLASS = YES_ERROR;
				CLANG_WARN_RANGE_LOOP_ANALYSIS = YES;
				CLANG_WARN_STRICT_PROTOTYPES = YES;
				CLANG_WARN_SUSPICIOUS_MOVE = YES;
				CLANG_WARN_UNGUARDED_AVAILABILITY = YES_AGGRESSIVE;
				CLANG_WARN_UNREACHABLE_CODE = YES;
				CLANG_WARN__DUPLICATE_METHOD_MATCH = YES;
				CODE_SIGN_IDENTITY = "iPhone Developer";
				COPY_PHASE_STRIP = NO;
				DEBUG_INFORMATION_FORMAT = dwarf;
				ENABLE_STRICT_OBJC_MSGSEND = YES;
				ENABLE_TESTABILITY = YES;
				GCC_C_LANGUAGE_STANDARD = gnu11;
				GCC_DYNAMIC_NO_PIC = NO;
				GCC_NO_COMMON_BLOCKS = YES;
				GCC_OPTIMIZATION_LEVEL = 0;
				GCC_PREPROCESSOR_DEFINITIONS = (
					"DEBUG=1",
					"$(inherited)",
				);
				GCC_WARN_64_TO_32_BIT_CONVERSION = YES;
				GCC_WARN_ABOUT_RETURN_TYPE = YES_ERROR;
				GCC_WARN_UNDECLARED_SELECTOR = YES;
				GCC_WARN_UNINITIALIZED_AUTOS = YES_AGGRESSIVE;
				GCC_WARN_UNUSED_FUNCTION = YES;
				GCC_WARN_UNUSED_VARIABLE = YES;
				IPHONEOS_DEPLOYMENT_TARGET = 11.2;
				MTL_ENABLE_DEBUG_INFO = YES;
				ONLY_ACTIVE_ARCH = YES;
				SDKROOT = iphoneos;
			};
			name = Debug;
		};
		8147E37621E5332A00A7FF82 /* Release */ = {
			isa = XCBuildConfiguration;
			buildSettings = {
				ALWAYS_SEARCH_USER_PATHS = NO;
				CLANG_ANALYZER_NONNULL = YES;
				CLANG_ANALYZER_NUMBER_OBJECT_CONVERSION = YES_AGGRESSIVE;
				CLANG_CXX_LANGUAGE_STANDARD = "gnu++14";
				CLANG_CXX_LIBRARY = "libc++";
				CLANG_ENABLE_MODULES = YES;
				CLANG_ENABLE_OBJC_ARC = YES;
				CLANG_WARN_BLOCK_CAPTURE_AUTORELEASING = YES;
				CLANG_WARN_BOOL_CONVERSION = YES;
				CLANG_WARN_COMMA = YES;
				CLANG_WARN_CONSTANT_CONVERSION = YES;
				CLANG_WARN_DIRECT_OBJC_ISA_USAGE = YES_ERROR;
				CLANG_WARN_DOCUMENTATION_COMMENTS = YES;
				CLANG_WARN_EMPTY_BODY = YES;
				CLANG_WARN_ENUM_CONVERSION = YES;
				CLANG_WARN_INFINITE_RECURSION = YES;
				CLANG_WARN_INT_CONVERSION = YES;
				CLANG_WARN_NON_LITERAL_NULL_CONVERSION = YES;
				CLANG_WARN_OBJC_LITERAL_CONVERSION = YES;
				CLANG_WARN_OBJC_ROOT_CLASS = YES_ERROR;
				CLANG_WARN_RANGE_LOOP_ANALYSIS = YES;
				CLANG_WARN_STRICT_PROTOTYPES = YES;
				CLANG_WARN_SUSPICIOUS_MOVE = YES;
				CLANG_WARN_UNGUARDED_AVAILABILITY = YES_AGGRESSIVE;
				CLANG_WARN_UNREACHABLE_CODE = YES;
				CLANG_WARN__DUPLICATE_METHOD_MATCH = YES;
				CODE_SIGN_IDENTITY = "iPhone Developer";
				COPY_PHASE_STRIP = NO;
				DEBUG_INFORMATION_FORMAT = "dwarf-with-dsym";
				ENABLE_NS_ASSERTIONS = NO;
				ENABLE_STRICT_OBJC_MSGSEND = YES;
				GCC_C_LANGUAGE_STANDARD = gnu11;
				GCC_NO_COMMON_BLOCKS = YES;
				GCC_WARN_64_TO_32_BIT_CONVERSION = YES;
				GCC_WARN_ABOUT_RETURN_TYPE = YES_ERROR;
				GCC_WARN_UNDECLARED_SELECTOR = YES;
				GCC_WARN_UNINITIALIZED_AUTOS = YES_AGGRESSIVE;
				GCC_WARN_UNUSED_FUNCTION = YES;
				GCC_WARN_UNUSED_VARIABLE = YES;
				IPHONEOS_DEPLOYMENT_TARGET = 11.2;
				MTL_ENABLE_DEBUG_INFO = NO;
				SDKROOT = iphoneos;
				VALIDATE_PRODUCT = YES;
			};
			name = Release;
		};
		8147E37821E5332A00A7FF82 /* Debug */ = {
			isa = XCBuildConfiguration;
			buildSettings = {
				ASSETCATALOG_COMPILER_APPICON_NAME = AppIcon;
				CODE_SIGN_STYLE = Automatic;
				INFOPLIST_FILE = PrecticeVCPassValue/Info.plist;
				LD_RUNPATH_SEARCH_PATHS = "$(inherited) @executable_path/Frameworks";
				PRODUCT_BUNDLE_IDENTIFIER = ht.PrecticeVCPassValue;
				PRODUCT_NAME = "$(TARGET_NAME)";
				TARGETED_DEVICE_FAMILY = "1,2";
			};
			name = Debug;
		};
		8147E37921E5332A00A7FF82 /* Release */ = {
			isa = XCBuildConfiguration;
			buildSettings = {
				ASSETCATALOG_COMPILER_APPICON_NAME = AppIcon;
				CODE_SIGN_STYLE = Automatic;
				INFOPLIST_FILE = PrecticeVCPassValue/Info.plist;
				LD_RUNPATH_SEARCH_PATHS = "$(inherited) @executable_path/Frameworks";
				PRODUCT_BUNDLE_IDENTIFIER = ht.PrecticeVCPassValue;
				PRODUCT_NAME = "$(TARGET_NAME)";
				TARGETED_DEVICE_FAMILY = "1,2";
			};
			name = Release;
		};
		8147E37B21E5332A00A7FF82 /* Debug */ = {
			isa = XCBuildConfiguration;
			buildSettings = {
				BUNDLE_LOADER = "$(TEST_HOST)";
				CODE_SIGN_STYLE = Automatic;
				INFOPLIST_FILE = PrecticeVCPassValueTests/Info.plist;
				LD_RUNPATH_SEARCH_PATHS = "$(inherited) @executable_path/Frameworks @loader_path/Frameworks";
				PRODUCT_BUNDLE_IDENTIFIER = ht.PrecticeVCPassValueTests;
				PRODUCT_NAME = "$(TARGET_NAME)";
				TARGETED_DEVICE_FAMILY = "1,2";
				TEST_HOST = "$(BUILT_PRODUCTS_DIR)/PrecticeVCPassValue.app/PrecticeVCPassValue";
			};
			name = Debug;
		};
		8147E37C21E5332A00A7FF82 /* Release */ = {
			isa = XCBuildConfiguration;
			buildSettings = {
				BUNDLE_LOADER = "$(TEST_HOST)";
				CODE_SIGN_STYLE = Automatic;
				INFOPLIST_FILE = PrecticeVCPassValueTests/Info.plist;
				LD_RUNPATH_SEARCH_PATHS = "$(inherited) @executable_path/Frameworks @loader_path/Frameworks";
				PRODUCT_BUNDLE_IDENTIFIER = ht.PrecticeVCPassValueTests;
				PRODUCT_NAME = "$(TARGET_NAME)";
				TARGETED_DEVICE_FAMILY = "1,2";
				TEST_HOST = "$(BUILT_PRODUCTS_DIR)/PrecticeVCPassValue.app/PrecticeVCPassValue";
			};
			name = Release;
		};
		8147E37E21E5332A00A7FF82 /* Debug */ = {
			isa = XCBuildConfiguration;
			buildSettings = {
				CODE_SIGN_STYLE = Automatic;
				INFOPLIST_FILE = PrecticeVCPassValueUITests/Info.plist;
				LD_RUNPATH_SEARCH_PATHS = "$(inherited) @executable_path/Frameworks @loader_path/Frameworks";
				PRODUCT_BUNDLE_IDENTIFIER = ht.PrecticeVCPassValueUITests;
				PRODUCT_NAME = "$(TARGET_NAME)";
				TARGETED_DEVICE_FAMILY = "1,2";
				TEST_TARGET_NAME = PrecticeVCPassValue;
			};
			name = Debug;
		};
		8147E37F21E5332A00A7FF82 /* Release */ = {
			isa = XCBuildConfiguration;
			buildSettings = {
				CODE_SIGN_STYLE = Automatic;
				INFOPLIST_FILE = PrecticeVCPassValueUITests/Info.plist;
				LD_RUNPATH_SEARCH_PATHS = "$(inherited) @executable_path/Frameworks @loader_path/Frameworks";
				PRODUCT_BUNDLE_IDENTIFIER = ht.PrecticeVCPassValueUITests;
				PRODUCT_NAME = "$(TARGET_NAME)";
				TARGETED_DEVICE_FAMILY = "1,2";
				TEST_TARGET_NAME = PrecticeVCPassValue;
			};
			name = Release;
		};
/* End XCBuildConfiguration section */

/* Begin XCConfigurationList section */
		8147E34621E5332A00A7FF82 /* Build configuration list for PBXProject "PrecticeVCPassValue" */ = {
			isa = XCConfigurationList;
			buildConfigurations = (
				8147E37521E5332A00A7FF82 /* Debug */,
				8147E37621E5332A00A7FF82 /* Release */,
			);
			defaultConfigurationIsVisible = 0;
			defaultConfigurationName = Release;
		};
		8147E37721E5332A00A7FF82 /* Build configuration list for PBXNativeTarget "PrecticeVCPassValue" */ = {
			isa = XCConfigurationList;
			buildConfigurations = (
				8147E37821E5332A00A7FF82 /* Debug */,
				8147E37921E5332A00A7FF82 /* Release */,
			);
			defaultConfigurationIsVisible = 0;
			defaultConfigurationName = Release;
		};
		8147E37A21E5332A00A7FF82 /* Build configuration list for PBXNativeTarget "PrecticeVCPassValueTests" */ = {
			isa = XCConfigurationList;
			buildConfigurations = (
				8147E37B21E5332A00A7FF82 /* Debug */,
				8147E37C21E5332A00A7FF82 /* Release */,
			);
			defaultConfigurationIsVisible = 0;
			defaultConfigurationName = Release;
		};
		8147E37D21E5332A00A7FF82 /* Build configuration list for PBXNativeTarget "PrecticeVCPassValueUITests" */ = {
			isa = XCConfigurationList;
			buildConfigurations = (
				8147E37E21E5332A00A7FF82 /* Debug */,
				8147E37F21E5332A00A7FF82 /* Release */,
			);
			defaultConfigurationIsVisible = 0;
			defaultConfigurationName = Release;
		};
/* End XCConfigurationList section */
	};
	rootObject = 8147E34321E5332A00A7FF82 /* Project object */;
}
